
Microsoft Visual Studio Solution File, Format Version 12.00
# Visual Studio 11
Project("{2150E333-8FDC-42A3-9474-1A3956D46DE8}") = "MyDriver2-Package", "MyDriver2-Package", "{35FB3669-BE26-46A2-B125-B49846A28E75}"
EndProject
Project("{8BC9CEB8-8B4A-11D0-8D11-00A0C91BC942}") = "MyDriver2-Package", "MyDriver2-Package\MyDriver2-Package.vcxproj", "{EBAEDF37-05F4-4AC9-BF19-F7FF702A9F32}"
EndProject
Project("{8BC9CEB8-8B4A-11D0-8D11-00A0C91BC942}") = "MyDriver2", "MyDriver2.vcxproj", "{CC7AA2B7-61DF-4F4A-A1AA-AE4679672FFB}"
EndProject
Global
	GlobalSection(SolutionConfigurationPlatforms) = preSolution
		Win8 Debug|Win32 = Win8 Debug|Win32
		Win8 Debug|x64 = Win8 Debug|x64
		Win8 Release|Win32 = Win8 Release|Win32
		Win8 Release|x64 = Win8 Release|x64
		Win7 Debug|Win32 = Win7 Debug|Win32
		Win7 Debug|x64 = Win7 Debug|x64
		Win7 Release|Win32 = Win7 Release|Win32
		Win7 Release|x64 = Win7 Release|x64
		Vista Debug|Win32 = Vista Debug|Win32
		Vista Debug|x64 = Vista Debug|x64
		Vista Release|Win32 = Vista Release|Win32
		Vista Release|x64 = Vista Release|x64
	EndGlobalSection
	GlobalSection(ProjectConfigurationPlatforms) = postSolution
		{EBAEDF37-05F4-4AC9-BF19-F7FF702A9F32}.Win8 Debug|Win32.ActiveCfg = Win8 Debug|Win32
		{EBAEDF37-05F4-4AC9-BF19-F7FF702A9F32}.Win8 Debug|Win32.Build.0 = Win8 Debug|Win32
		{EBAEDF37-05F4-4AC9-BF19-F7FF702A9F32}.Win8 Debug|x64.ActiveCfg = Win8 Debug|x64
		{EBAEDF37-05F4-4AC9-BF19-F7FF702A9F32}.Win8 Debug|x64.Build.0 = Win8 Debug|x64
		{EBAEDF37-05F4-4AC9-BF19-F7FF702A9F32}.Win8 Release|Win32.ActiveCfg = Win8 Release|Win32
		{EBAEDF37-05F4-4AC9-BF19-F7FF702A9F32}.Win8 Release|Win32.Build.0 = Win8 Release|Win32
		{EBAEDF37-05F4-4AC9-BF19-F7FF702A9F32}.Win8 Release|x64.ActiveCfg = Win8 Release|x64
		{EBAEDF37-05F4-4AC9-BF19-F7FF702A9F32}.Win8 Release|x64.Build.0 = Win8 Release|x64
		{EBAEDF37-05F4-4AC9-BF19-F7FF702A9F32}.Win7 Debug|Win32.ActiveCfg = Win7 Debug|Win32
		{EBAEDF37-05F4-4AC9-BF19-F7FF702A9F32}.Win7 Debug|Win32.Build.0 = Win7 Debug|Win32
		{EBAEDF37-05F4-4AC9-BF19-F7FF702A9F32}.Win7 Debug|x64.ActiveCfg = Win7 Debug|x64
		{EBAEDF37-05F4-4AC9-BF19-F7FF702A9F32}.Win7 Debug|x64.Build.0 = Win7 Debug|x64
		{EBAEDF37-05F4-4AC9-BF19-F7FF702A9F32}.Win7 Release|Win32.ActiveCfg = Win7 Release|Win32
		{EBAEDF37-05F4-4AC9-BF19-F7FF702A9F32}.Win7 Release|Win32.Build.0 = Win7 Release|Win32
		{EBAEDF37-05F4-4AC9-BF19-F7FF702A9F32}.Win7 Release|x64.ActiveCfg = Win7 Release|x64
		{EBAEDF37-05F4-4AC9-BF19-F7FF702A9F32}.Win7 Release|x64.Build.0 = Win7 Release|x64
		{EBAEDF37-05F4-4AC9-BF19-F7FF702A9F32}.Vista Debug|Win32.ActiveCfg = Vista Debug|Win32
		{EBAEDF37-05F4-4AC9-BF19-F7FF702A9F32}.Vista Debug|Win32.Build.0 = Vista Debug|Win32
		{EBAEDF37-05F4-4AC9-BF19-F7FF702A9F32}.Vista Debug|x64.ActiveCfg = Vista Debug|x64
		{EBAEDF37-05F4-4AC9-BF19-F7FF702A9F32}.Vista Debug|x64.Build.0 = Vista Debug|x64
		{EBAEDF37-05F4-4AC9-BF19-F7FF702A9F32}.Vista Release|Win32.ActiveCfg = Vista Release|Win32
		{EBAEDF37-05F4-4AC9-BF19-F7FF702A9F32}.Vista Release|Win32.Build.0 = Vista Release|Win32
		{EBAEDF37-05F4-4AC9-BF19-F7FF702A9F32}.Vista Release|x64.ActiveCfg = Vista Release|x64
		{EBAEDF37-05F4-4AC9-BF19-F7FF702A9F32}.Vista Release|x64.Build.0 = Vista Release|x64
		{CC7AA2B7-61DF-4F4A-A1AA-AE4679672FFB}.Win8 Debug|Win32.ActiveCfg = Win8 Debug|Win32
		{CC7AA2B7-61DF-4F4A-A1AA-AE4679672FFB}.Win8 Debug|Win32.Build.0 = Win8 Debug|Win32
		{CC7AA2B7-61DF-4F4A-A1AA-AE4679672FFB}.Win8 Debug|x64.ActiveCfg = Win8 Debug|x64
		{CC7AA2B7-61DF-4F4A-A1AA-AE4679672FFB}.Win8 Debug|x64.Build.0 = Win8 Debug|x64
		{CC7AA2B7-61DF-4F4A-A1AA-AE4679672FFB}.Win8 Release|Win32.ActiveCfg = Win8 Release|Win32
		{CC7AA2B7-61DF-4F4A-A1AA-AE4679672FFB}.Win8 Release|Win32.Build.0 = Win8 Release|Win32
		{CC7AA2B7-61DF-4F4A-A1AA-AE4679672FFB}.Win8 Release|x64.ActiveCfg = Win8 Release|x64
		{CC7AA2B7-61DF-4F4A-A1AA-AE4679672FFB}.Win8 Release|x64.Build.0 = Win8 Release|x64
		{CC7AA2B7-61DF-4F4A-A1AA-AE4679672FFB}.Win7 Debug|Win32.ActiveCfg = Win7 Debug|Win32
		{CC7AA2B7-61DF-4F4A-A1AA-AE4679672FFB}.Win7 Debug|Win32.Build.0 = Win7 Debug|Win32
		{CC7AA2B7-61DF-4F4A-A1AA-AE4679672FFB}.Win7 Debug|x64.ActiveCfg = Win7 Debug|x64
		{CC7AA2B7-61DF-4F4A-A1AA-AE4679672FFB}.Win7 Debug|x64.Build.0 = Win7 Debug|x64
		{CC7AA2B7-61DF-4F4A-A1AA-AE4679672FFB}.Win7 Release|Win32.ActiveCfg = Win7 Release|Win32
		{CC7AA2B7-61DF-4F4A-A1AA-AE4679672FFB}.Win7 Release|Win32.Build.0 = Win7 Release|Win32
		{CC7AA2B7-61DF-4F4A-A1AA-AE4679672FFB}.Win7 Release|x64.ActiveCfg = Win7 Release|x64
		{CC7AA2B7-61DF-4F4A-A1AA-AE4679672FFB}.Win7 Release|x64.Build.0 = Win7 Release|x64
		{CC7AA2B7-61DF-4F4A-A1AA-AE4679672FFB}.Vista Debug|Win32.ActiveCfg = Vista Debug|Win32
		{CC7AA2B7-61DF-4F4A-A1AA-AE4679672FFB}.Vista Debug|Win32.Build.0 = Vista Debug|Win32
		{CC7AA2B7-61DF-4F4A-A1AA-AE4679672FFB}.Vista Debug|x64.ActiveCfg = Vista Debug|x64
		{CC7AA2B7-61DF-4F4A-A1AA-AE4679672FFB}.Vista Debug|x64.Build.0 = Vista Debug|x64
		{CC7AA2B7-61DF-4F4A-A1AA-AE4679672FFB}.Vista Release|Win32.ActiveCfg = Vista Release|Win32
		{CC7AA2B7-61DF-4F4A-A1AA-AE4679672FFB}.Vista Release|Win32.Build.0 = Vista Release|Win32
		{CC7AA2B7-61DF-4F4A-A1AA-AE4679672FFB}.Vista Release|x64.ActiveCfg = Vista Release|x64
		{CC7AA2B7-61DF-4F4A-A1AA-AE4679672FFB}.Vista Release|x64.Build.0 = Vista Release|x64
	EndGlobalSection
	GlobalSection(SolutionProperties) = preSolution
		HideSolutionNode = FALSE
	EndGlobalSection
	GlobalSection(NestedProjects) = preSolution
		{EBAEDF37-05F4-4AC9-BF19-F7FF702A9F32} = {35FB3669-BE26-46A2-B125-B49846A28E75}
	EndGlobalSection
EndGlobal
